{
	"name": "action_health-reminder",
	"lockfileVersion": 3,
	"requires": true,
	"packages": {
		"": {
			"dependencies": {
				"cron-schedule": "^3.0.0"
			}
		},
		"node_modules/cron-schedule": {
			"version": "3.0.6",
			"resolved": "https://registry.npmjs.org/cron-schedule/-/cron-schedule-3.0.6.tgz",
			"integrity": "sha512-izfGgKyzzIyLaeb1EtZ3KbglkS6AKp9cv7LxmiyoOu+fXfol1tQDC0Cof0enVZGNtudTHW+3lfuW9ZkLQss4Wg=="
		}
	}
}
